
Microsoft Visual Studio Solution File, Format Version 12.00
# Visual Studio Version 16
VisualStudioVersion = 16.0.29920.165
MinimumVisualStudioVersion = 10.0.40219.1
Project("{2150E333-8FDC-42A3-9474-1A3956D46DE8}") = "Core", "Core", "{E4A6A1B1-3EA0-46FA-8AAA-EEA7759D1066}"
EndProject
Project("{9A19103F-16F7-4668-BE54-9A1E7A4F7556}") = "IAS.Frontend", "IAS.Frontend\IAS.Frontend.csproj", "{B4A625E2-66A3-42EA-AF1C-8F4F7DA4F13B}"
EndProject
Project("{2150E333-8FDC-42A3-9474-1A3956D46DE8}") = "Data", "Data", "{8242FAE2-2DFE-4D25-B8E3-568821DA6DC5}"
EndProject
Project("{9A19103F-16F7-4668-BE54-9A1E7A4F7556}") = "Project.Utilities", "Project.Utilities\Project.Utilities.csproj", "{6DE4049B-A351-481F-8C5A-BF359E22E13E}"
EndProject
Project("{9A19103F-16F7-4668-BE54-9A1E7A4F7556}") = "EFDataAccess", "EFDataAccess\EFDataAccess.csproj", "{9FE4437A-12C2-4FD2-A73F-8B5D5FED39E1}"
EndProject
Global
	GlobalSection(SolutionConfigurationPlatforms) = preSolution
		Debug|Any CPU = Debug|Any CPU
		Release|Any CPU = Release|Any CPU
	EndGlobalSection
	GlobalSection(ProjectConfigurationPlatforms) = postSolution
		{B4A625E2-66A3-42EA-AF1C-8F4F7DA4F13B}.Debug|Any CPU.ActiveCfg = Debug|Any CPU
		{B4A625E2-66A3-42EA-AF1C-8F4F7DA4F13B}.Debug|Any CPU.Build.0 = Debug|Any CPU
		{B4A625E2-66A3-42EA-AF1C-8F4F7DA4F13B}.Release|Any CPU.ActiveCfg = Release|Any CPU
		{B4A625E2-66A3-42EA-AF1C-8F4F7DA4F13B}.Release|Any CPU.Build.0 = Release|Any CPU
		{6DE4049B-A351-481F-8C5A-BF359E22E13E}.Debug|Any CPU.ActiveCfg = Debug|Any CPU
		{6DE4049B-A351-481F-8C5A-BF359E22E13E}.Debug|Any CPU.Build.0 = Debug|Any CPU
		{6DE4049B-A351-481F-8C5A-BF359E22E13E}.Release|Any CPU.ActiveCfg = Release|Any CPU
		{6DE4049B-A351-481F-8C5A-BF359E22E13E}.Release|Any CPU.Build.0 = Release|Any CPU
		{9FE4437A-12C2-4FD2-A73F-8B5D5FED39E1}.Debug|Any CPU.ActiveCfg = Debug|Any CPU
		{9FE4437A-12C2-4FD2-A73F-8B5D5FED39E1}.Debug|Any CPU.Build.0 = Debug|Any CPU
		{9FE4437A-12C2-4FD2-A73F-8B5D5FED39E1}.Release|Any CPU.ActiveCfg = Release|Any CPU
		{9FE4437A-12C2-4FD2-A73F-8B5D5FED39E1}.Release|Any CPU.Build.0 = Release|Any CPU
	EndGlobalSection
	GlobalSection(SolutionProperties) = preSolution
		HideSolutionNode = FALSE
	EndGlobalSection
	GlobalSection(NestedProjects) = preSolution
		{6DE4049B-A351-481F-8C5A-BF359E22E13E} = {E4A6A1B1-3EA0-46FA-8AAA-EEA7759D1066}
		{9FE4437A-12C2-4FD2-A73F-8B5D5FED39E1} = {8242FAE2-2DFE-4D25-B8E3-568821DA6DC5}
	EndGlobalSection
	GlobalSection(ExtensibilityGlobals) = postSolution
		SolutionGuid = {2418A8E8-2019-4B6D-8C3E-BBF2E67C9BD0}
	EndGlobalSection
EndGlobal
